// !$*UTF8*$!
{
	archiveVersion = 1;
	classes = {
	};
	objectVersion = 46;
	objects = {

/* Begin PBXBuildFile section */
		B16ED902495A41848024FEEB /* libPods-aquasyncTests.a in Frameworks */ = {isa = PBXBuildFile; fileRef = C6659ABAF218440699BC17FA /* libPods-aquasyncTests.a */; };
		D41076D319973CF50061B6CD /* aquasync.podspec in Resources */ = {isa = PBXBuildFile; fileRef = D41076D219973CF50061B6CD /* aquasync.podspec */; };
		D434788F198768BA00E4C26B /* RLMArray+Serialization.m in Sources */ = {isa = PBXBuildFile; fileRef = D434788E198768BA00E4C26B /* RLMArray+Serialization.m */; };
		D43478911987696600E4C26B /* RLMObject+Serialization.m in Sources */ = {isa = PBXBuildFile; fileRef = D43478901987696600E4C26B /* RLMObject+Serialization.m */; };
		D471F117198FCA87009522DD /* FLMAlbum.m in Sources */ = {isa = PBXBuildFile; fileRef = D471F116198FCA87009522DD /* FLMAlbum.m */; };
		D4BAA5A219A37CC3001A299D /* AquasyncModel.m in Sources */ = {isa = PBXBuildFile; fileRef = D4BAA5A119A37CC3001A299D /* AquasyncModel.m */; };
		D4BAA5A819A38254001A299D /* Album.m in Sources */ = {isa = PBXBuildFile; fileRef = D4BAA5A719A38254001A299D /* Album.m */; };
		D4BAA5AB19A398CF001A299D /* SerializableManagedObject.m in Sources */ = {isa = PBXBuildFile; fileRef = D4BAA5AA19A398CF001A299D /* SerializableManagedObject.m */; };
		D4C00E3B1999006C0065E9F4 /* libPods-aquasync.a in Frameworks */ = {isa = PBXBuildFile; fileRef = 526C9AB990594D6EA9ED853E /* libPods-aquasync.a */; };
		D4C00E4019990B320065E9F4 /* RLMObject+AquasyncModelCallbacks.m in Sources */ = {isa = PBXBuildFile; fileRef = D4C00E3F19990B320065E9F4 /* RLMObject+AquasyncModelCallbacks.m */; };
		D4C00E43199912BD0065E9F4 /* RLMObject+AquasyncModelManagerMethods.m in Sources */ = {isa = PBXBuildFile; fileRef = D4C00E42199912BD0065E9F4 /* RLMObject+AquasyncModelManagerMethods.m */; };
		D4C00E48199919990065E9F4 /* RLMObject+LogicalDeletion.m in Sources */ = {isa = PBXBuildFile; fileRef = D4C00E47199919990065E9F4 /* RLMObject+LogicalDeletion.m */; };
		D4C00E4B1999202D0065E9F4 /* RLMObject+Transaction.m in Sources */ = {isa = PBXBuildFile; fileRef = D4C00E4A1999202D0065E9F4 /* RLMObject+Transaction.m */; };
		D4C00E4E19992B6F0065E9F4 /* RLMObject+AquasyncModelRequirement.m in Sources */ = {isa = PBXBuildFile; fileRef = D4C00E4D19992B6F0065E9F4 /* RLMObject+AquasyncModelRequirement.m */; };
		D4C00E52199931600065E9F4 /* AQJSONAdapter.m in Sources */ = {isa = PBXBuildFile; fileRef = D4C00E51199931600065E9F4 /* AQJSONAdapter.m */; };
		D4C00E55199937C20065E9F4 /* Dog.m in Sources */ = {isa = PBXBuildFile; fileRef = D4C00E54199937C20065E9F4 /* Dog.m */; };
		D4DFFBFB19A37ACB009EFFC4 /* aquasync.xcdatamodeld in Sources */ = {isa = PBXBuildFile; fileRef = D4DFFBF919A37ACA009EFFC4 /* aquasync.xcdatamodeld */; };
		D4FB24FC1985255D00362657 /* main.m in Sources */ = {isa = PBXBuildFile; fileRef = D4FB24FB1985255D00362657 /* main.m */; };
		D4FB24FF1985255D00362657 /* AppDelegate.m in Sources */ = {isa = PBXBuildFile; fileRef = D4FB24FE1985255D00362657 /* AppDelegate.m */; };
		D4FB25021985255D00362657 /* ViewController.m in Sources */ = {isa = PBXBuildFile; fileRef = D4FB25011985255D00362657 /* ViewController.m */; };
		D4FB25051985255D00362657 /* Main.storyboard in Resources */ = {isa = PBXBuildFile; fileRef = D4FB25031985255D00362657 /* Main.storyboard */; };
		D4FB25071985255D00362657 /* Images.xcassets in Resources */ = {isa = PBXBuildFile; fileRef = D4FB25061985255D00362657 /* Images.xcassets */; };
		D4FB25131985255E00362657 /* aquasyncTests.m in Sources */ = {isa = PBXBuildFile; fileRef = D4FB25121985255E00362657 /* aquasyncTests.m */; };
		D4FB251E19852A6E00362657 /* AQModel.m in Sources */ = {isa = PBXBuildFile; fileRef = D4FB251D19852A6E00362657 /* AQModel.m */; };
		D4FB252119852EE400362657 /* AQUtil.m in Sources */ = {isa = PBXBuildFile; fileRef = D4FB252019852EE400362657 /* AQUtil.m */; };
		D4FB25251985417300362657 /* AQSyncManager.m in Sources */ = {isa = PBXBuildFile; fileRef = D4FB25241985417300362657 /* AQSyncManager.m */; };
		D4FB252D198571D600362657 /* Podfile in Resources */ = {isa = PBXBuildFile; fileRef = D4FB252C198571D600362657 /* Podfile */; };
		D4FB2530198578F800362657 /* AQDeltaClient.m in Sources */ = {isa = PBXBuildFile; fileRef = D4FB252F198578F800362657 /* AQDeltaClient.m */; };
/* End PBXBuildFile section */

/* Begin PBXContainerItemProxy section */
		D4FB250D1985255E00362657 /* PBXContainerItemProxy */ = {
			isa = PBXContainerItemProxy;
			containerPortal = D4FB24EE1985255D00362657 /* Project object */;
			proxyType = 1;
			remoteGlobalIDString = D4FB24F51985255D00362657;
			remoteInfo = aquasync;
		};
/* End PBXContainerItemProxy section */

/* Begin PBXFileReference section */
		36C91F6CCBB04340933AA90A /* Pods-aquasync.xcconfig */ = {isa = PBXFileReference; includeInIndex = 1; lastKnownFileType = text.xcconfig; name = "Pods-aquasync.xcconfig"; path = "Pods/Pods-aquasync.xcconfig"; sourceTree = "<group>"; };
		526C9AB990594D6EA9ED853E /* libPods-aquasync.a */ = {isa = PBXFileReference; explicitFileType = archive.ar; includeInIndex = 0; path = "libPods-aquasync.a"; sourceTree = BUILT_PRODUCTS_DIR; };
		C6659ABAF218440699BC17FA /* libPods-aquasyncTests.a */ = {isa = PBXFileReference; explicitFileType = archive.ar; includeInIndex = 0; path = "libPods-aquasyncTests.a"; sourceTree = BUILT_PRODUCTS_DIR; };
		D41076D219973CF50061B6CD /* aquasync.podspec */ = {isa = PBXFileReference; fileEncoding = 4; lastKnownFileType = text; path = aquasync.podspec; sourceTree = "<group>"; };
		D434788E198768BA00E4C26B /* RLMArray+Serialization.m */ = {isa = PBXFileReference; fileEncoding = 4; lastKnownFileType = sourcecode.c.objc; path = "RLMArray+Serialization.m"; sourceTree = "<group>"; };
		D43478901987696600E4C26B /* RLMObject+Serialization.m */ = {isa = PBXFileReference; fileEncoding = 4; lastKnownFileType = sourcecode.c.objc; path = "RLMObject+Serialization.m"; sourceTree = "<group>"; };
		D434789219876A1C00E4C26B /* RLMArray+Serialization.h */ = {isa = PBXFileReference; lastKnownFileType = sourcecode.c.h; path = "RLMArray+Serialization.h"; sourceTree = "<group>"; };
		D434789319876A3F00E4C26B /* RLMObject+Serialization.h */ = {isa = PBXFileReference; lastKnownFileType = sourcecode.c.h; path = "RLMObject+Serialization.h"; sourceTree = "<group>"; };
		D471F115198FCA87009522DD /* FLMAlbum.h */ = {isa = PBXFileReference; fileEncoding = 4; lastKnownFileType = sourcecode.c.h; path = FLMAlbum.h; sourceTree = "<group>"; };
		D471F116198FCA87009522DD /* FLMAlbum.m */ = {isa = PBXFileReference; fileEncoding = 4; lastKnownFileType = sourcecode.c.objc; path = FLMAlbum.m; sourceTree = "<group>"; };
		D4BAA5A019A37CC3001A299D /* AquasyncModel.h */ = {isa = PBXFileReference; fileEncoding = 4; lastKnownFileType = sourcecode.c.h; path = AquasyncModel.h; sourceTree = "<group>"; };
		D4BAA5A119A37CC3001A299D /* AquasyncModel.m */ = {isa = PBXFileReference; fileEncoding = 4; lastKnownFileType = sourcecode.c.objc; path = AquasyncModel.m; sourceTree = "<group>"; };
		D4BAA5A619A38254001A299D /* Album.h */ = {isa = PBXFileReference; fileEncoding = 4; lastKnownFileType = sourcecode.c.h; path = Album.h; sourceTree = "<group>"; };
		D4BAA5A719A38254001A299D /* Album.m */ = {isa = PBXFileReference; fileEncoding = 4; lastKnownFileType = sourcecode.c.objc; path = Album.m; sourceTree = "<group>"; };
		D4BAA5A919A398CF001A299D /* SerializableManagedObject.h */ = {isa = PBXFileReference; fileEncoding = 4; lastKnownFileType = sourcecode.c.h; path = SerializableManagedObject.h; sourceTree = "<group>"; };
		D4BAA5AA19A398CF001A299D /* SerializableManagedObject.m */ = {isa = PBXFileReference; fileEncoding = 4; lastKnownFileType = sourcecode.c.objc; path = SerializableManagedObject.m; sourceTree = "<group>"; };
		D4C00E3C199906000065E9F4 /* AQAquasyncModelProtocol.h */ = {isa = PBXFileReference; lastKnownFileType = sourcecode.c.h; path = AQAquasyncModelProtocol.h; sourceTree = "<group>"; };
		D4C00E3E19990B320065E9F4 /* RLMObject+AquasyncModelCallbacks.h */ = {isa = PBXFileReference; fileEncoding = 4; lastKnownFileType = sourcecode.c.h; path = "RLMObject+AquasyncModelCallbacks.h"; sourceTree = "<group>"; };
		D4C00E3F19990B320065E9F4 /* RLMObject+AquasyncModelCallbacks.m */ = {isa = PBXFileReference; fileEncoding = 4; lastKnownFileType = sourcecode.c.objc; path = "RLMObject+AquasyncModelCallbacks.m"; sourceTree = "<group>"; };
		D4C00E41199912BD0065E9F4 /* RLMObject+AquasyncModelManagerMethods.h */ = {isa = PBXFileReference; fileEncoding = 4; lastKnownFileType = sourcecode.c.h; path = "RLMObject+AquasyncModelManagerMethods.h"; sourceTree = "<group>"; };
		D4C00E42199912BD0065E9F4 /* RLMObject+AquasyncModelManagerMethods.m */ = {isa = PBXFileReference; fileEncoding = 4; lastKnownFileType = sourcecode.c.objc; path = "RLMObject+AquasyncModelManagerMethods.m"; sourceTree = "<group>"; };
		D4C00E46199919990065E9F4 /* RLMObject+LogicalDeletion.h */ = {isa = PBXFileReference; fileEncoding = 4; lastKnownFileType = sourcecode.c.h; path = "RLMObject+LogicalDeletion.h"; sourceTree = "<group>"; };
		D4C00E47199919990065E9F4 /* RLMObject+LogicalDeletion.m */ = {isa = PBXFileReference; fileEncoding = 4; lastKnownFileType = sourcecode.c.objc; path = "RLMObject+LogicalDeletion.m"; sourceTree = "<group>"; };
		D4C00E491999202D0065E9F4 /* RLMObject+Transaction.h */ = {isa = PBXFileReference; fileEncoding = 4; lastKnownFileType = sourcecode.c.h; path = "RLMObject+Transaction.h"; sourceTree = "<group>"; };
		D4C00E4A1999202D0065E9F4 /* RLMObject+Transaction.m */ = {isa = PBXFileReference; fileEncoding = 4; lastKnownFileType = sourcecode.c.objc; path = "RLMObject+Transaction.m"; sourceTree = "<group>"; };
		D4C00E4C19992B6F0065E9F4 /* RLMObject+AquasyncModelRequirement.h */ = {isa = PBXFileReference; fileEncoding = 4; lastKnownFileType = sourcecode.c.h; path = "RLMObject+AquasyncModelRequirement.h"; sourceTree = "<group>"; };
		D4C00E4D19992B6F0065E9F4 /* RLMObject+AquasyncModelRequirement.m */ = {isa = PBXFileReference; fileEncoding = 4; lastKnownFileType = sourcecode.c.objc; path = "RLMObject+AquasyncModelRequirement.m"; sourceTree = "<group>"; };
		D4C00E4F19992ED40065E9F4 /* AQJSONSerializeProtocol.h */ = {isa = PBXFileReference; lastKnownFileType = sourcecode.c.h; path = AQJSONSerializeProtocol.h; sourceTree = "<group>"; };
		D4C00E50199931600065E9F4 /* AQJSONAdapter.h */ = {isa = PBXFileReference; fileEncoding = 4; lastKnownFileType = sourcecode.c.h; path = AQJSONAdapter.h; sourceTree = "<group>"; };
		D4C00E51199931600065E9F4 /* AQJSONAdapter.m */ = {isa = PBXFileReference; fileEncoding = 4; lastKnownFileType = sourcecode.c.objc; path = AQJSONAdapter.m; sourceTree = "<group>"; };
		D4C00E53199937C20065E9F4 /* Dog.h */ = {isa = PBXFileReference; fileEncoding = 4; lastKnownFileType = sourcecode.c.h; path = Dog.h; sourceTree = "<group>"; };
		D4C00E54199937C20065E9F4 /* Dog.m */ = {isa = PBXFileReference; fileEncoding = 4; lastKnownFileType = sourcecode.c.objc; path = Dog.m; sourceTree = "<group>"; };
		D4C00E581999B72E0065E9F4 /* libPods-aquasync-Realm.a */ = {isa = PBXFileReference; lastKnownFileType = archive.ar; name = "libPods-aquasync-Realm.a"; path = "Pods/build/Debug-iphoneos/libPods-aquasync-Realm.a"; sourceTree = "<group>"; };
		D4DFFBA719A36CE4009EFFC4 /* AquasyncModelExtensions.h */ = {isa = PBXFileReference; lastKnownFileType = sourcecode.c.h; path = AquasyncModelExtensions.h; sourceTree = "<group>"; };
		D4DFFBFA19A37ACA009EFFC4 /* aquasync.xcdatamodel */ = {isa = PBXFileReference; lastKnownFileType = wrapper.xcdatamodel; path = aquasync.xcdatamodel; sourceTree = "<group>"; };
		D4FB24F61985255D00362657 /* aquasync.app */ = {isa = PBXFileReference; explicitFileType = wrapper.application; includeInIndex = 0; path = aquasync.app; sourceTree = BUILT_PRODUCTS_DIR; };
		D4FB24FA1985255D00362657 /* Info.plist */ = {isa = PBXFileReference; lastKnownFileType = text.plist.xml; path = Info.plist; sourceTree = "<group>"; };
		D4FB24FB1985255D00362657 /* main.m */ = {isa = PBXFileReference; lastKnownFileType = sourcecode.c.objc; path = main.m; sourceTree = "<group>"; };
		D4FB24FD1985255D00362657 /* AppDelegate.h */ = {isa = PBXFileReference; lastKnownFileType = sourcecode.c.h; path = AppDelegate.h; sourceTree = "<group>"; };
		D4FB24FE1985255D00362657 /* AppDelegate.m */ = {isa = PBXFileReference; lastKnownFileType = sourcecode.c.objc; path = AppDelegate.m; sourceTree = "<group>"; };
		D4FB25001985255D00362657 /* ViewController.h */ = {isa = PBXFileReference; lastKnownFileType = sourcecode.c.h; path = ViewController.h; sourceTree = "<group>"; };
		D4FB25011985255D00362657 /* ViewController.m */ = {isa = PBXFileReference; lastKnownFileType = sourcecode.c.objc; path = ViewController.m; sourceTree = "<group>"; };
		D4FB25041985255D00362657 /* Base */ = {isa = PBXFileReference; lastKnownFileType = file.storyboard; name = Base; path = Base.lproj/Main.storyboard; sourceTree = "<group>"; };
		D4FB25061985255D00362657 /* Images.xcassets */ = {isa = PBXFileReference; lastKnownFileType = folder.assetcatalog; path = Images.xcassets; sourceTree = "<group>"; };
		D4FB250C1985255E00362657 /* aquasyncTests.xctest */ = {isa = PBXFileReference; explicitFileType = wrapper.cfbundle; includeInIndex = 0; path = aquasyncTests.xctest; sourceTree = BUILT_PRODUCTS_DIR; };
		D4FB25111985255E00362657 /* Info.plist */ = {isa = PBXFileReference; lastKnownFileType = text.plist.xml; path = Info.plist; sourceTree = "<group>"; };
		D4FB25121985255E00362657 /* aquasyncTests.m */ = {isa = PBXFileReference; lastKnownFileType = sourcecode.c.objc; path = aquasyncTests.m; sourceTree = "<group>"; };
		D4FB251C19852A6E00362657 /* AQModel.h */ = {isa = PBXFileReference; fileEncoding = 4; lastKnownFileType = sourcecode.c.h; path = AQModel.h; sourceTree = "<group>"; };
		D4FB251D19852A6E00362657 /* AQModel.m */ = {isa = PBXFileReference; fileEncoding = 4; lastKnownFileType = sourcecode.c.objc; path = AQModel.m; sourceTree = "<group>"; };
		D4FB251F19852EE400362657 /* AQUtil.h */ = {isa = PBXFileReference; fileEncoding = 4; lastKnownFileType = sourcecode.c.h; path = AQUtil.h; sourceTree = "<group>"; };
		D4FB252019852EE400362657 /* AQUtil.m */ = {isa = PBXFileReference; fileEncoding = 4; lastKnownFileType = sourcecode.c.objc; path = AQUtil.m; sourceTree = "<group>"; };
		D4FB252219852F6500362657 /* Aquasync.h */ = {isa = PBXFileReference; lastKnownFileType = sourcecode.c.h; path = Aquasync.h; sourceTree = "<group>"; };
		D4FB25231985417300362657 /* AQSyncManager.h */ = {isa = PBXFileReference; fileEncoding = 4; lastKnownFileType = sourcecode.c.h; path = AQSyncManager.h; sourceTree = "<group>"; };
		D4FB25241985417300362657 /* AQSyncManager.m */ = {isa = PBXFileReference; fileEncoding = 4; lastKnownFileType = sourcecode.c.objc; path = AQSyncManager.m; sourceTree = "<group>"; };
		D4FB25291985686D00362657 /* AQModelManagerProtocol.h */ = {isa = PBXFileReference; fileEncoding = 4; lastKnownFileType = sourcecode.c.h; path = AQModelManagerProtocol.h; sourceTree = "<group>"; };
		D4FB252C198571D600362657 /* Podfile */ = {isa = PBXFileReference; fileEncoding = 4; lastKnownFileType = text; path = Podfile; sourceTree = "<group>"; xcLanguageSpecificationIdentifier = xcode.lang.ruby; };
		D4FB252E198578F800362657 /* AQDeltaClient.h */ = {isa = PBXFileReference; fileEncoding = 4; lastKnownFileType = sourcecode.c.h; path = AQDeltaClient.h; sourceTree = "<group>"; };
		D4FB252F198578F800362657 /* AQDeltaClient.m */ = {isa = PBXFileReference; fileEncoding = 4; lastKnownFileType = sourcecode.c.objc; path = AQDeltaClient.m; sourceTree = "<group>"; };
		FEF59097A2C94C5C9244983F /* Pods-aquasyncTests.xcconfig */ = {isa = PBXFileReference; includeInIndex = 1; lastKnownFileType = text.xcconfig; name = "Pods-aquasyncTests.xcconfig"; path = "Pods/Pods-aquasyncTests.xcconfig"; sourceTree = "<group>"; };
/* End PBXFileReference section */

/* Begin PBXFrameworksBuildPhase section */
		D4FB24F31985255D00362657 /* Frameworks */ = {
			isa = PBXFrameworksBuildPhase;
			buildActionMask = 2147483647;
			files = (
				D4C00E3B1999006C0065E9F4 /* libPods-aquasync.a in Frameworks */,
			);
			runOnlyForDeploymentPostprocessing = 0;
		};
		D4FB25091985255E00362657 /* Frameworks */ = {
			isa = PBXFrameworksBuildPhase;
			buildActionMask = 2147483647;
			files = (
				B16ED902495A41848024FEEB /* libPods-aquasyncTests.a in Frameworks */,
			);
			runOnlyForDeploymentPostprocessing = 0;
		};
/* End PBXFrameworksBuildPhase section */

/* Begin PBXGroup section */
		D41076D4199742C00061B6CD /* Classes */ = {
			isa = PBXGroup;
			children = (
				D4C00E45199915660065E9F4 /* Protocols */,
				D4C00E441999155A0065E9F4 /* Categories */,
				D4FB25231985417300362657 /* AQSyncManager.h */,
				D4FB25241985417300362657 /* AQSyncManager.m */,
				D4FB251F19852EE400362657 /* AQUtil.h */,
				D4FB252019852EE400362657 /* AQUtil.m */,
				D4FB252219852F6500362657 /* Aquasync.h */,
				D4FB252E198578F800362657 /* AQDeltaClient.h */,
				D4FB252F198578F800362657 /* AQDeltaClient.m */,
				D4FB251C19852A6E00362657 /* AQModel.h */,
				D4FB251D19852A6E00362657 /* AQModel.m */,
				D4C00E50199931600065E9F4 /* AQJSONAdapter.h */,
				D4C00E51199931600065E9F4 /* AQJSONAdapter.m */,
				D4BAA5A919A398CF001A299D /* SerializableManagedObject.h */,
				D4BAA5AA19A398CF001A299D /* SerializableManagedObject.m */,
			);
			name = Classes;
			sourceTree = "<group>";
		};
		D4C00E441999155A0065E9F4 /* Categories */ = {
			isa = PBXGroup;
			children = (
				D4C00E41199912BD0065E9F4 /* RLMObject+AquasyncModelManagerMethods.h */,
				D4DFFBA719A36CE4009EFFC4 /* AquasyncModelExtensions.h */,
				D4C00E42199912BD0065E9F4 /* RLMObject+AquasyncModelManagerMethods.m */,
				D4C00E3E19990B320065E9F4 /* RLMObject+AquasyncModelCallbacks.h */,
				D4C00E3F19990B320065E9F4 /* RLMObject+AquasyncModelCallbacks.m */,
				D434789319876A3F00E4C26B /* RLMObject+Serialization.h */,
				D43478901987696600E4C26B /* RLMObject+Serialization.m */,
				D434789219876A1C00E4C26B /* RLMArray+Serialization.h */,
				D434788E198768BA00E4C26B /* RLMArray+Serialization.m */,
				D4C00E46199919990065E9F4 /* RLMObject+LogicalDeletion.h */,
				D4C00E47199919990065E9F4 /* RLMObject+LogicalDeletion.m */,
				D4C00E491999202D0065E9F4 /* RLMObject+Transaction.h */,
				D4C00E4A1999202D0065E9F4 /* RLMObject+Transaction.m */,
				D4C00E4C19992B6F0065E9F4 /* RLMObject+AquasyncModelRequirement.h */,
				D4C00E4D19992B6F0065E9F4 /* RLMObject+AquasyncModelRequirement.m */,
			);
			name = Categories;
			sourceTree = "<group>";
		};
		D4C00E45199915660065E9F4 /* Protocols */ = {
			isa = PBXGroup;
			children = (
				D4FB25291985686D00362657 /* AQModelManagerProtocol.h */,
				D4C00E3C199906000065E9F4 /* AQAquasyncModelProtocol.h */,
				D4C00E4F19992ED40065E9F4 /* AQJSONSerializeProtocol.h */,
			);
			name = Protocols;
			sourceTree = "<group>";
		};
		D4DFFBF819A37AA8009EFFC4 /* Models */ = {
			isa = PBXGroup;
			children = (
				D4BAA5A019A37CC3001A299D /* AquasyncModel.h */,
				D4BAA5A119A37CC3001A299D /* AquasyncModel.m */,
				D4BAA5A619A38254001A299D /* Album.h */,
				D4BAA5A719A38254001A299D /* Album.m */,
			);
			name = Models;
			sourceTree = "<group>";
		};
		D4FB24ED1985255D00362657 = {
			isa = PBXGroup;
			children = (
				D4FB252C198571D600362657 /* Podfile */,
				D41076D219973CF50061B6CD /* aquasync.podspec */,
				D4FB24F81985255D00362657 /* aquasync */,
				D4FB250F1985255E00362657 /* aquasyncTests */,
				D4FB24F71985255D00362657 /* Products */,
				E7C341806051400E8D07DE69 /* Frameworks */,
				36C91F6CCBB04340933AA90A /* Pods-aquasync.xcconfig */,
				FEF59097A2C94C5C9244983F /* Pods-aquasyncTests.xcconfig */,
			);
			sourceTree = "<group>";
		};
		D4FB24F71985255D00362657 /* Products */ = {
			isa = PBXGroup;
			children = (
				D4FB24F61985255D00362657 /* aquasync.app */,
				D4FB250C1985255E00362657 /* aquasyncTests.xctest */,
			);
			name = Products;
			sourceTree = "<group>";
		};
		D4FB24F81985255D00362657 /* aquasync */ = {
			isa = PBXGroup;
			children = (
				D4DFFBF819A37AA8009EFFC4 /* Models */,
				D41076D4199742C00061B6CD /* Classes */,
				D4FB24FD1985255D00362657 /* AppDelegate.h */,
				D4FB24FE1985255D00362657 /* AppDelegate.m */,
				D471F115198FCA87009522DD /* FLMAlbum.h */,
				D471F116198FCA87009522DD /* FLMAlbum.m */,
				D4FB25001985255D00362657 /* ViewController.h */,
				D4FB25011985255D00362657 /* ViewController.m */,
				D4FB25031985255D00362657 /* Main.storyboard */,
				D4FB25061985255D00362657 /* Images.xcassets */,
				D4FB24F91985255D00362657 /* Supporting Files */,
				D4DFFBF919A37ACA009EFFC4 /* aquasync.xcdatamodeld */,
			);
			path = aquasync;
			sourceTree = "<group>";
		};
		D4FB24F91985255D00362657 /* Supporting Files */ = {
			isa = PBXGroup;
			children = (
				D4FB24FA1985255D00362657 /* Info.plist */,
				D4FB24FB1985255D00362657 /* main.m */,
			);
			name = "Supporting Files";
			sourceTree = "<group>";
		};
		D4FB250F1985255E00362657 /* aquasyncTests */ = {
			isa = PBXGroup;
			children = (
				D4FB25121985255E00362657 /* aquasyncTests.m */,
				D4C00E53199937C20065E9F4 /* Dog.h */,
				D4C00E54199937C20065E9F4 /* Dog.m */,
				D4FB25101985255E00362657 /* Supporting Files */,
			);
			path = aquasyncTests;
			sourceTree = "<group>";
		};
		D4FB25101985255E00362657 /* Supporting Files */ = {
			isa = PBXGroup;
			children = (
				D4FB25111985255E00362657 /* Info.plist */,
			);
			name = "Supporting Files";
			sourceTree = "<group>";
		};
		E7C341806051400E8D07DE69 /* Frameworks */ = {
			isa = PBXGroup;
			children = (
				D4C00E581999B72E0065E9F4 /* libPods-aquasync-Realm.a */,
				526C9AB990594D6EA9ED853E /* libPods-aquasync.a */,
				C6659ABAF218440699BC17FA /* libPods-aquasyncTests.a */,
			);
			name = Frameworks;
			sourceTree = "<group>";
		};
/* End PBXGroup section */

/* Begin PBXNativeTarget section */
		D4FB24F51985255D00362657 /* aquasync */ = {
			isa = PBXNativeTarget;
			buildConfigurationList = D4FB25161985255E00362657 /* Build configuration list for PBXNativeTarget "aquasync" */;
			buildPhases = (
				9A7537749935403DB8139A64 /* Check Pods Manifest.lock */,
				D4FB24F21985255D00362657 /* Sources */,
				D4FB24F31985255D00362657 /* Frameworks */,
				D4FB24F41985255D00362657 /* Resources */,
				5E1427F636A5471AAE6FE48D /* Copy Pods Resources */,
			);
			buildRules = (
			);
			dependencies = (
			);
			name = aquasync;
			productName = aquasync;
			productReference = D4FB24F61985255D00362657 /* aquasync.app */;
			productType = "com.apple.product-type.application";
		};
		D4FB250B1985255E00362657 /* aquasyncTests */ = {
			isa = PBXNativeTarget;
			buildConfigurationList = D4FB25191985255E00362657 /* Build configuration list for PBXNativeTarget "aquasyncTests" */;
			buildPhases = (
				EB1C9753195C4675921F2C41 /* Check Pods Manifest.lock */,
				D4FB25081985255E00362657 /* Sources */,
				D4FB25091985255E00362657 /* Frameworks */,
				D4FB250A1985255E00362657 /* Resources */,
				6812D059037049E4A272CC20 /* Copy Pods Resources */,
			);
			buildRules = (
			);
			dependencies = (
				D4FB250E1985255E00362657 /* PBXTargetDependency */,
			);
			name = aquasyncTests;
			productName = aquasyncTests;
			productReference = D4FB250C1985255E00362657 /* aquasyncTests.xctest */;
			productType = "com.apple.product-type.bundle.unit-test";
		};
/* End PBXNativeTarget section */

/* Begin PBXProject section */
		D4FB24EE1985255D00362657 /* Project object */ = {
			isa = PBXProject;
			attributes = {
				LastUpgradeCheck = 0600;
				ORGANIZATIONNAME = Aquamarine;
				TargetAttributes = {
					D4FB24F51985255D00362657 = {
						CreatedOnToolsVersion = 6.0;
					};
					D4FB250B1985255E00362657 = {
						CreatedOnToolsVersion = 6.0;
						TestTargetID = D4FB24F51985255D00362657;
					};
				};
			};
			buildConfigurationList = D4FB24F11985255D00362657 /* Build configuration list for PBXProject "aquasync" */;
			compatibilityVersion = "Xcode 3.2";
			developmentRegion = English;
			hasScannedForEncodings = 0;
			knownRegions = (
				en,
				Base,
			);
			mainGroup = D4FB24ED1985255D00362657;
			productRefGroup = D4FB24F71985255D00362657 /* Products */;
			projectDirPath = "";
			projectRoot = "";
			targets = (
				D4FB24F51985255D00362657 /* aquasync */,
				D4FB250B1985255E00362657 /* aquasyncTests */,
			);
		};
/* End PBXProject section */

/* Begin PBXResourcesBuildPhase section */
		D4FB24F41985255D00362657 /* Resources */ = {
			isa = PBXResourcesBuildPhase;
			buildActionMask = 2147483647;
			files = (
				D4FB252D198571D600362657 /* Podfile in Resources */,
				D41076D319973CF50061B6CD /* aquasync.podspec in Resources */,
				D4FB25051985255D00362657 /* Main.storyboard in Resources */,
				D4FB25071985255D00362657 /* Images.xcassets in Resources */,
			);
			runOnlyForDeploymentPostprocessing = 0;
		};
		D4FB250A1985255E00362657 /* Resources */ = {
			isa = PBXResourcesBuildPhase;
			buildActionMask = 2147483647;
			files = (
			);
			runOnlyForDeploymentPostprocessing = 0;
		};
/* End PBXResourcesBuildPhase section */

/* Begin PBXShellScriptBuildPhase section */
		5E1427F636A5471AAE6FE48D /* Copy Pods Resources */ = {
			isa = PBXShellScriptBuildPhase;
			buildActionMask = 2147483647;
			files = (
			);
			inputPaths = (
			);
			name = "Copy Pods Resources";
			outputPaths = (
			);
			runOnlyForDeploymentPostprocessing = 0;
			shellPath = /bin/sh;
			shellScript = "\"${SRCROOT}/Pods/Pods-aquasync-resources.sh\"\n";
			showEnvVarsInLog = 0;
		};
		6812D059037049E4A272CC20 /* Copy Pods Resources */ = {
			isa = PBXShellScriptBuildPhase;
			buildActionMask = 2147483647;
			files = (
			);
			inputPaths = (
			);
			name = "Copy Pods Resources";
			outputPaths = (
			);
			runOnlyForDeploymentPostprocessing = 0;
			shellPath = /bin/sh;
			shellScript = "\"${SRCROOT}/Pods/Pods-aquasyncTests-resources.sh\"\n";
			showEnvVarsInLog = 0;
		};
		9A7537749935403DB8139A64 /* Check Pods Manifest.lock */ = {
			isa = PBXShellScriptBuildPhase;
			buildActionMask = 2147483647;
			files = (
			);
			inputPaths = (
			);
			name = "Check Pods Manifest.lock";
			outputPaths = (
			);
			runOnlyForDeploymentPostprocessing = 0;
			shellPath = /bin/sh;
			shellScript = "diff \"${PODS_ROOT}/../Podfile.lock\" \"${PODS_ROOT}/Manifest.lock\" > /dev/null\nif [[ $? != 0 ]] ; then\n    cat << EOM\nerror: The sandbox is not in sync with the Podfile.lock. Run 'pod install' or update your CocoaPods installation.\nEOM\n    exit 1\nfi\n";
			showEnvVarsInLog = 0;
		};
		EB1C9753195C4675921F2C41 /* Check Pods Manifest.lock */ = {
			isa = PBXShellScriptBuildPhase;
			buildActionMask = 2147483647;
			files = (
			);
			inputPaths = (
			);
			name = "Check Pods Manifest.lock";
			outputPaths = (
			);
			runOnlyForDeploymentPostprocessing = 0;
			shellPath = /bin/sh;
			shellScript = "diff \"${PODS_ROOT}/../Podfile.lock\" \"${PODS_ROOT}/Manifest.lock\" > /dev/null\nif [[ $? != 0 ]] ; then\n    cat << EOM\nerror: The sandbox is not in sync with the Podfile.lock. Run 'pod install' or update your CocoaPods installation.\nEOM\n    exit 1\nfi\n";
			showEnvVarsInLog = 0;
		};
/* End PBXShellScriptBuildPhase section */

/* Begin PBXSourcesBuildPhase section */
		D4FB24F21985255D00362657 /* Sources */ = {
			isa = PBXSourcesBuildPhase;
			buildActionMask = 2147483647;
			files = (
				D434788F198768BA00E4C26B /* RLMArray+Serialization.m in Sources */,
				D4C00E4B1999202D0065E9F4 /* RLMObject+Transaction.m in Sources */,
				D4C00E4E19992B6F0065E9F4 /* RLMObject+AquasyncModelRequirement.m in Sources */,
				D4FB252119852EE400362657 /* AQUtil.m in Sources */,
				D4FB25021985255D00362657 /* ViewController.m in Sources */,
				D4FB24FF1985255D00362657 /* AppDelegate.m in Sources */,
				D4C00E43199912BD0065E9F4 /* RLMObject+AquasyncModelManagerMethods.m in Sources */,
				D4BAA5A819A38254001A299D /* Album.m in Sources */,
				D4C00E52199931600065E9F4 /* AQJSONAdapter.m in Sources */,
				D4BAA5AB19A398CF001A299D /* SerializableManagedObject.m in Sources */,
				D4DFFBFB19A37ACB009EFFC4 /* aquasync.xcdatamodeld in Sources */,
				D4C00E4019990B320065E9F4 /* RLMObject+AquasyncModelCallbacks.m in Sources */,
				D4FB24FC1985255D00362657 /* main.m in Sources */,
				D4FB25251985417300362657 /* AQSyncManager.m in Sources */,
				D43478911987696600E4C26B /* RLMObject+Serialization.m in Sources */,
				D471F117198FCA87009522DD /* FLMAlbum.m in Sources */,
				D4FB2530198578F800362657 /* AQDeltaClient.m in Sources */,
				D4FB251E19852A6E00362657 /* AQModel.m in Sources */,
				D4BAA5A219A37CC3001A299D /* AquasyncModel.m in Sources */,
				D4C00E48199919990065E9F4 /* RLMObject+LogicalDeletion.m in Sources */,
			);
			runOnlyForDeploymentPostprocessing = 0;
		};
		D4FB25081985255E00362657 /* Sources */ = {
			isa = PBXSourcesBuildPhase;
			buildActionMask = 2147483647;
			files = (
				D4C00E55199937C20065E9F4 /* Dog.m in Sources */,
				D4FB25131985255E00362657 /* aquasyncTests.m in Sources */,
			);
			runOnlyForDeploymentPostprocessing = 0;
		};
/* End PBXSourcesBuildPhase section */

/* Begin PBXTargetDependency section */
		D4FB250E1985255E00362657 /* PBXTargetDependency */ = {
			isa = PBXTargetDependency;
			target = D4FB24F51985255D00362657 /* aquasync */;
			targetProxy = D4FB250D1985255E00362657 /* PBXContainerItemProxy */;
		};
/* End PBXTargetDependency section */

/* Begin PBXVariantGroup section */
		D4FB25031985255D00362657 /* Main.storyboard */ = {
			isa = PBXVariantGroup;
			children = (
				D4FB25041985255D00362657 /* Base */,
			);
			name = Main.storyboard;
			sourceTree = "<group>";
		};
/* End PBXVariantGroup section */

/* Begin XCBuildConfiguration section */
		D4FB25141985255E00362657 /* Debug */ = {
			isa = XCBuildConfiguration;
			buildSettings = {
				ALWAYS_SEARCH_USER_PATHS = NO;
				CLANG_CXX_LANGUAGE_STANDARD = "gnu++0x";
				CLANG_CXX_LIBRARY = "libc++";
				CLANG_ENABLE_MODULES = YES;
				CLANG_ENABLE_OBJC_ARC = YES;
				CLANG_WARN_BOOL_CONVERSION = YES;
				CLANG_WARN_CONSTANT_CONVERSION = YES;
				CLANG_WARN_DIRECT_OBJC_ISA_USAGE = YES_ERROR;
				CLANG_WARN_EMPTY_BODY = YES;
				CLANG_WARN_ENUM_CONVERSION = YES;
				CLANG_WARN_INT_CONVERSION = YES;
				CLANG_WARN_OBJC_ROOT_CLASS = YES_ERROR;
				CLANG_WARN_UNREACHABLE_CODE = YES;
				CLANG_WARN__DUPLICATE_METHOD_MATCH = YES;
				"CODE_SIGN_IDENTITY[sdk=iphoneos*]" = "iPhone Developer";
				COPY_PHASE_STRIP = NO;
				ENABLE_STRICT_OBJC_MSGSEND = YES;
				GCC_C_LANGUAGE_STANDARD = gnu99;
				GCC_DYNAMIC_NO_PIC = NO;
				GCC_OPTIMIZATION_LEVEL = 0;
				GCC_PREPROCESSOR_DEFINITIONS = (
					"DEBUG=1",
					"$(inherited)",
				);
				GCC_SYMBOLS_PRIVATE_EXTERN = NO;
				GCC_WARN_64_TO_32_BIT_CONVERSION = YES;
				GCC_WARN_ABOUT_RETURN_TYPE = YES_ERROR;
				GCC_WARN_UNDECLARED_SELECTOR = YES;
				GCC_WARN_UNINITIALIZED_AUTOS = YES_AGGRESSIVE;
				GCC_WARN_UNUSED_FUNCTION = YES;
				GCC_WARN_UNUSED_VARIABLE = YES;
				IPHONEOS_DEPLOYMENT_TARGET = 8.0;
				METAL_ENABLE_DEBUG_INFO = YES;
				ONLY_ACTIVE_ARCH = YES;
				SDKROOT = iphoneos;
			};
			name = Debug;
		};
		D4FB25151985255E00362657 /* Release */ = {
			isa = XCBuildConfiguration;
			buildSettings = {
				ALWAYS_SEARCH_USER_PATHS = NO;
				CLANG_CXX_LANGUAGE_STANDARD = "gnu++0x";
				CLANG_CXX_LIBRARY = "libc++";
				CLANG_ENABLE_MODULES = YES;
				CLANG_ENABLE_OBJC_ARC = YES;
				CLANG_WARN_BOOL_CONVERSION = YES;
				CLANG_WARN_CONSTANT_CONVERSION = YES;
				CLANG_WARN_DIRECT_OBJC_ISA_USAGE = YES_ERROR;
				CLANG_WARN_EMPTY_BODY = YES;
				CLANG_WARN_ENUM_CONVERSION = YES;
				CLANG_WARN_INT_CONVERSION = YES;
				CLANG_WARN_OBJC_ROOT_CLASS = YES_ERROR;
				CLANG_WARN_UNREACHABLE_CODE = YES;
				CLANG_WARN__DUPLICATE_METHOD_MATCH = YES;
				"CODE_SIGN_IDENTITY[sdk=iphoneos*]" = "iPhone Developer";
				COPY_PHASE_STRIP = YES;
				ENABLE_NS_ASSERTIONS = NO;
				ENABLE_STRICT_OBJC_MSGSEND = YES;
				GCC_C_LANGUAGE_STANDARD = gnu99;
				GCC_WARN_64_TO_32_BIT_CONVERSION = YES;
				GCC_WARN_ABOUT_RETURN_TYPE = YES_ERROR;
				GCC_WARN_UNDECLARED_SELECTOR = YES;
				GCC_WARN_UNINITIALIZED_AUTOS = YES_AGGRESSIVE;
				GCC_WARN_UNUSED_FUNCTION = YES;
				GCC_WARN_UNUSED_VARIABLE = YES;
				IPHONEOS_DEPLOYMENT_TARGET = 8.0;
				METAL_ENABLE_DEBUG_INFO = NO;
				SDKROOT = iphoneos;
				VALIDATE_PRODUCT = YES;
			};
			name = Release;
		};
		D4FB25171985255E00362657 /* Debug */ = {
			isa = XCBuildConfiguration;
			baseConfigurationReference = 36C91F6CCBB04340933AA90A /* Pods-aquasync.xcconfig */;
			buildSettings = {
				ASSETCATALOG_COMPILER_APPICON_NAME = AppIcon;
				ASSETCATALOG_COMPILER_LAUNCHIMAGE_NAME = LaunchImage;
				FRAMEWORK_SEARCH_PATHS = (
					"$(inherited)",
					"/Users/kaiinui/Downloads/realm-cocoa-0.82.0/ios",
				);
				INFOPLIST_FILE = aquasync/Info.plist;
				IPHONEOS_DEPLOYMENT_TARGET = 7.0;
				LD_RUNPATH_SEARCH_PATHS = "$(inherited) @executable_path/Frameworks";
				LIBRARY_SEARCH_PATHS = (
					"$(inherited)",
					"$(PROJECT_DIR)/Pods/build/Debug-iphoneos",
				);
				PRODUCT_NAME = "$(TARGET_NAME)";
			};
			name = Debug;
		};
		D4FB25181985255E00362657 /* Release */ = {
			isa = XCBuildConfiguration;
			baseConfigurationReference = 36C91F6CCBB04340933AA90A /* Pods-aquasync.xcconfig */;
			buildSettings = {
				ASSETCATALOG_COMPILER_APPICON_NAME = AppIcon;
				ASSETCATALOG_COMPILER_LAUNCHIMAGE_NAME = LaunchImage;
				FRAMEWORK_SEARCH_PATHS = (
					"$(inherited)",
					"/Users/kaiinui/Downloads/realm-cocoa-0.82.0/ios",
				);
				INFOPLIST_FILE = aquasync/Info.plist;
				IPHONEOS_DEPLOYMENT_TARGET = 7.0;
				LD_RUNPATH_SEARCH_PATHS = "$(inherited) @executable_path/Frameworks";
				LIBRARY_SEARCH_PATHS = (
					"$(inherited)",
					"$(PROJECT_DIR)/Pods/build/Debug-iphoneos",
				);
				PRODUCT_NAME = "$(TARGET_NAME)";
			};
			name = Release;
		};
		D4FB251A1985255E00362657 /* Debug */ = {
			isa = XCBuildConfiguration;
			baseConfigurationReference = FEF59097A2C94C5C9244983F /* Pods-aquasyncTests.xcconfig */;
			buildSettings = {
				BUNDLE_LOADER = "$(BUILT_PRODUCTS_DIR)/aquasync.app/aquasync";
				FRAMEWORK_SEARCH_PATHS = (
					"$(SDKROOT)/Developer/Library/Frameworks",
					"$(inherited)",
					"${PODS_ROOT}/Realm/realm-cocoapods-0.82.0/ios/",
					.,
				);
				GCC_PREPROCESSOR_DEFINITIONS = (
					"DEBUG=1",
					"$(inherited)",
				);
				HEADER_SEARCH_PATHS = (
					"\"${PODS_ROOT}/Headers\"",
					"\"${PODS_ROOT}/Headers/AFNetworking\"",
					"\"${PODS_ROOT}/Headers/AFNetworking-RACExtensions\"",
					"\"${PODS_ROOT}/Headers/Expecta\"",
					"\"${PODS_ROOT}/Headers/OCHamcrest\"",
					"\"${PODS_ROOT}/Headers/OCMockito\"",
					"\"${PODS_ROOT}/Headers/ReactiveCocoa\"",
					"\"${PODS_ROOT}/Headers/ReactiveCocoa/ReactiveCocoa\"",
					"\"${PODS_ROOT}/Realm/realm-cocoapods-0.82.0/ios/Realm.framework/Headers\"",
					"\"${PODS_ROOT}/Headers/Realm\"",
					"\"${PODS_ROOT}/Headers/Specta\"",
					"\"${PODS_ROOT}/Headers/TPWeakProxy\"",
				);
				INFOPLIST_FILE = aquasyncTests/Info.plist;
				LD_RUNPATH_SEARCH_PATHS = "$(inherited) @executable_path/Frameworks @loader_path/Frameworks";
				LIBRARY_SEARCH_PATHS = (
					"$(inherited)",
					"$(PROJECT_DIR)/Pods/build/Debug-iphoneos",
				);
				METAL_ENABLE_DEBUG_INFO = YES;
				PRODUCT_NAME = "$(TARGET_NAME)";
				TEST_HOST = "$(BUNDLE_LOADER)";
			};
			name = Debug;
		};
		D4FB251B1985255E00362657 /* Release */ = {
			isa = XCBuildConfiguration;
			baseConfigurationReference = FEF59097A2C94C5C9244983F /* Pods-aquasyncTests.xcconfig */;
			buildSettings = {
				BUNDLE_LOADER = "$(BUILT_PRODUCTS_DIR)/aquasync.app/aquasync";
				FRAMEWORK_SEARCH_PATHS = (
					"$(SDKROOT)/Developer/Library/Frameworks",
					"$(inherited)",
					"${PODS_ROOT}/Realm/realm-cocoapods-0.82.0/ios/",
					.,
				);
				HEADER_SEARCH_PATHS = (
					"\"${PODS_ROOT}/Headers\"",
					"\"${PODS_ROOT}/Headers/AFNetworking\"",
					"\"${PODS_ROOT}/Headers/AFNetworking-RACExtensions\"",
					"\"${PODS_ROOT}/Headers/Expecta\"",
					"\"${PODS_ROOT}/Headers/OCHamcrest\"",
					"\"${PODS_ROOT}/Headers/OCMockito\"",
					"\"${PODS_ROOT}/Headers/ReactiveCocoa\"",
					"\"${PODS_ROOT}/Headers/ReactiveCocoa/ReactiveCocoa\"",
					"\"${PODS_ROOT}/Realm/realm-cocoapods-0.82.0/ios/Realm.framework/Headers\"",
					"\"${PODS_ROOT}/Headers/Realm\"",
					"\"${PODS_ROOT}/Headers/Specta\"",
					"\"${PODS_ROOT}/Headers/TPWeakProxy\"",
				);
				INFOPLIST_FILE = aquasyncTests/Info.plist;
				LD_RUNPATH_SEARCH_PATHS = "$(inherited) @executable_path/Frameworks @loader_path/Frameworks";
				LIBRARY_SEARCH_PATHS = (
					"$(inherited)",
					"$(PROJECT_DIR)/Pods/build/Debug-iphoneos",
				);
				METAL_ENABLE_DEBUG_INFO = NO;
				PRODUCT_NAME = "$(TARGET_NAME)";
				TEST_HOST = "$(BUNDLE_LOADER)";
			};
			name = Release;
		};
/* End XCBuildConfiguration section */

/* Begin XCConfigurationList section */
		D4FB24F11985255D00362657 /* Build configuration list for PBXProject "aquasync" */ = {
			isa = XCConfigurationList;
			buildConfigurations = (
				D4FB25141985255E00362657 /* Debug */,
				D4FB25151985255E00362657 /* Release */,
			);
			defaultConfigurationIsVisible = 0;
			defaultConfigurationName = Release;
		};
		D4FB25161985255E00362657 /* Build configuration list for PBXNativeTarget "aquasync" */ = {
			isa = XCConfigurationList;
			buildConfigurations = (
				D4FB25171985255E00362657 /* Debug */,
				D4FB25181985255E00362657 /* Release */,
			);
			defaultConfigurationIsVisible = 0;
			defaultConfigurationName = Release;
		};
		D4FB25191985255E00362657 /* Build configuration list for PBXNativeTarget "aquasyncTests" */ = {
			isa = XCConfigurationList;
			buildConfigurations = (
				D4FB251A1985255E00362657 /* Debug */,
				D4FB251B1985255E00362657 /* Release */,
			);
			defaultConfigurationIsVisible = 0;
			defaultConfigurationName = Release;
		};
/* End XCConfigurationList section */

/* Begin XCVersionGroup section */
		D4DFFBF919A37ACA009EFFC4 /* aquasync.xcdatamodeld */ = {
			isa = XCVersionGroup;
			children = (
				D4DFFBFA19A37ACA009EFFC4 /* aquasync.xcdatamodel */,
			);
			currentVersion = D4DFFBFA19A37ACA009EFFC4 /* aquasync.xcdatamodel */;
			path = aquasync.xcdatamodeld;
			sourceTree = "<group>";
			versionGroupType = wrapper.xcdatamodel;
		};
/* End XCVersionGroup section */
	};
	rootObject = D4FB24EE1985255D00362657 /* Project object */;
}
